// !$*UTF8*$!
{
	archiveVersion = 1;
	classes = {
	};
	objectVersion = 46;
	objects = {

/* Begin PBXBuildFile section */
		B704808A2D24C1E23A41011F /* KakaoiOS.mm in Sources */ = {isa = PBXBuildFile; fileRef = B7048699586C09E52C1C0478 /* KakaoiOS.mm */; };
		B704853F22155906BE2D0CC3 /* KakaoStringKey.m in Sources */ = {isa = PBXBuildFile; fileRef = B7048CD10644A19C405424F3 /* KakaoStringKey.m */; };
		B7048CE42DC8DACCBD759166 /* KakaoiOS+Process.mm in Sources */ = {isa = PBXBuildFile; fileRef = B704839C4ECEB6CFD916D5A0 /* KakaoiOS+Process.mm */; };
		B7048DAAE61EAEFD99B65B4C /* KakaoiOS+Leaderboard.m in Sources */ = {isa = PBXBuildFile; fileRef = B7048CC29BB275EB81FF3A65 /* KakaoiOS+Leaderboard.m */; };
		C3E93DEC17E4A4B400F8FEEC /* Foundation.framework in Frameworks */ = {isa = PBXBuildFile; fileRef = C3E93DEB17E4A4B400F8FEEC /* Foundation.framework */; };
		DFCACADD19F8F138005D94D3 /* libkakao-ios-sdk-i386-armv7-armv7s-arm64.a in Frameworks */ = {isa = PBXBuildFile; fileRef = DFCACADC19F8F138005D94D3 /* libkakao-ios-sdk-i386-armv7-armv7s-arm64.a */; };
/* End PBXBuildFile section */

/* Begin PBXCopyFilesBuildPhase section */
		C3E93DE617E4A4B400F8FEEC /* CopyFiles */ = {
			isa = PBXCopyFilesBuildPhase;
			buildActionMask = 12;
			dstPath = "include/${PRODUCT_NAME}";
			dstSubfolderSpec = 6;
			files = (
			);
			runOnlyForDeploymentPostprocessing = 0;
		};
/* End PBXCopyFilesBuildPhase section */

/* Begin PBXFileReference section */
		B704839C4ECEB6CFD916D5A0 /* KakaoiOS+Process.mm */ = {isa = PBXFileReference; fileEncoding = 4; lastKnownFileType = sourcecode.cpp.objcpp; path = "KakaoiOS+Process.mm"; sourceTree = "<group>"; };
		B704845BAE485C2FEF2A64A9 /* kakao-cocos2dx-ios-plugin-Prefix.pch */ = {isa = PBXFileReference; fileEncoding = 4; lastKnownFileType = sourcecode.c.h; path = "kakao-cocos2dx-ios-plugin-Prefix.pch"; sourceTree = "<group>"; };
		B70485EE69D6AAE9B679EBCD /* KakaoiOS.h */ = {isa = PBXFileReference; fileEncoding = 4; lastKnownFileType = sourcecode.c.h; path = KakaoiOS.h; sourceTree = "<group>"; };
		B7048699586C09E52C1C0478 /* KakaoiOS.mm */ = {isa = PBXFileReference; fileEncoding = 4; lastKnownFileType = sourcecode.cpp.objcpp; path = KakaoiOS.mm; sourceTree = "<group>"; };
		B70486D35B28F81E14250A4B /* KakaoStringKey.h */ = {isa = PBXFileReference; fileEncoding = 4; lastKnownFileType = sourcecode.c.h; path = KakaoStringKey.h; sourceTree = "<group>"; };
		B70488D1B38C2AE057079ED0 /* KakaoiOS+Leaderboard.h */ = {isa = PBXFileReference; fileEncoding = 4; lastKnownFileType = sourcecode.c.h; path = "KakaoiOS+Leaderboard.h"; sourceTree = "<group>"; };
		B7048CC29BB275EB81FF3A65 /* KakaoiOS+Leaderboard.m */ = {isa = PBXFileReference; fileEncoding = 4; lastKnownFileType = sourcecode.c.objc; path = "KakaoiOS+Leaderboard.m"; sourceTree = "<group>"; };
		B7048CD10644A19C405424F3 /* KakaoStringKey.m */ = {isa = PBXFileReference; fileEncoding = 4; lastKnownFileType = sourcecode.c.objc; path = KakaoStringKey.m; sourceTree = "<group>"; };
		B7048E365EF6DF84EF3C8A5C /* KakaoiOS+Process.h */ = {isa = PBXFileReference; fileEncoding = 4; lastKnownFileType = sourcecode.c.h; path = "KakaoiOS+Process.h"; sourceTree = "<group>"; };
		C3E93DE817E4A4B400F8FEEC /* libkakao-cocos2dx-ios-plugin.a */ = {isa = PBXFileReference; explicitFileType = archive.ar; includeInIndex = 0; path = "libkakao-cocos2dx-ios-plugin.a"; sourceTree = BUILT_PRODUCTS_DIR; };
		C3E93DEB17E4A4B400F8FEEC /* Foundation.framework */ = {isa = PBXFileReference; lastKnownFileType = wrapper.framework; name = Foundation.framework; path = System/Library/Frameworks/Foundation.framework; sourceTree = SDKROOT; };
		DFCACAD119F8F138005D94D3 /* KAAuth.h */ = {isa = PBXFileReference; fileEncoding = 4; lastKnownFileType = sourcecode.c.h; path = KAAuth.h; sourceTree = "<group>"; };
		DFCACAD219F8F138005D94D3 /* KAError.h */ = {isa = PBXFileReference; fileEncoding = 4; lastKnownFileType = sourcecode.c.h; path = KAError.h; sourceTree = "<group>"; };
		DFCACAD319F8F138005D94D3 /* KAJSON.h */ = {isa = PBXFileReference; fileEncoding = 4; lastKnownFileType = sourcecode.c.h; path = KAJSON.h; sourceTree = "<group>"; };
		DFCACAD419F8F138005D94D3 /* Kakao.h */ = {isa = PBXFileReference; fileEncoding = 4; lastKnownFileType = sourcecode.c.h; path = Kakao.h; sourceTree = "<group>"; };
		DFCACAD519F8F138005D94D3 /* KakaoMessageBlockViewController.h */ = {isa = PBXFileReference; fileEncoding = 4; lastKnownFileType = sourcecode.c.h; path = KakaoMessageBlockViewController.h; sourceTree = "<group>"; };
		DFCACAD619F8F138005D94D3 /* KakaoSDKViewController.h */ = {isa = PBXFileReference; fileEncoding = 4; lastKnownFileType = sourcecode.c.h; path = KakaoSDKViewController.h; sourceTree = "<group>"; };
		DFCACAD719F8F138005D94D3 /* KALinkMessageRequest.h */ = {isa = PBXFileReference; fileEncoding = 4; lastKnownFileType = sourcecode.c.h; path = KALinkMessageRequest.h; sourceTree = "<group>"; };
		DFCACAD819F8F138005D94D3 /* KALocalUser+LeaderBoard.h */ = {isa = PBXFileReference; fileEncoding = 4; lastKnownFileType = sourcecode.c.h; path = "KALocalUser+LeaderBoard.h"; sourceTree = "<group>"; };
		DFCACAD919F8F138005D94D3 /* KALocalUser.h */ = {isa = PBXFileReference; fileEncoding = 4; lastKnownFileType = sourcecode.c.h; path = KALocalUser.h; sourceTree = "<group>"; };
		DFCACADA19F8F138005D94D3 /* KCAsyncImageView.h */ = {isa = PBXFileReference; fileEncoding = 4; lastKnownFileType = sourcecode.c.h; path = KCAsyncImageView.h; sourceTree = "<group>"; };
		DFCACADB19F8F138005D94D3 /* NSString+ChosungSeparate.h */ = {isa = PBXFileReference; fileEncoding = 4; lastKnownFileType = sourcecode.c.h; path = "NSString+ChosungSeparate.h"; sourceTree = "<group>"; };
		DFCACADC19F8F138005D94D3 /* libkakao-ios-sdk-i386-armv7-armv7s-arm64.a */ = {isa = PBXFileReference; lastKnownFileType = archive.ar; path = "libkakao-ios-sdk-i386-armv7-armv7s-arm64.a"; sourceTree = "<group>"; };
/* End PBXFileReference section */

/* Begin PBXFrameworksBuildPhase section */
		C3E93DE517E4A4B400F8FEEC /* Frameworks */ = {
			isa = PBXFrameworksBuildPhase;
			buildActionMask = 2147483647;
			files = (
				C3E93DEC17E4A4B400F8FEEC /* Foundation.framework in Frameworks */,
				DFCACADD19F8F138005D94D3 /* libkakao-ios-sdk-i386-armv7-armv7s-arm64.a in Frameworks */,
			);
			runOnlyForDeploymentPostprocessing = 0;
		};
/* End PBXFrameworksBuildPhase section */

/* Begin PBXGroup section */
		B70483772FBF08C93151E6C4 /* kakao-cocos2dx-ios-plugin */ = {
			isa = PBXGroup;
			children = (
				B70485EE69D6AAE9B679EBCD /* KakaoiOS.h */,
				B7048699586C09E52C1C0478 /* KakaoiOS.mm */,
				B70486D35B28F81E14250A4B /* KakaoStringKey.h */,
				B7048CD10644A19C405424F3 /* KakaoStringKey.m */,
				B7048E365EF6DF84EF3C8A5C /* KakaoiOS+Process.h */,
				B704839C4ECEB6CFD916D5A0 /* KakaoiOS+Process.mm */,
				B70488D1B38C2AE057079ED0 /* KakaoiOS+Leaderboard.h */,
				B7048CC29BB275EB81FF3A65 /* KakaoiOS+Leaderboard.m */,
				B704845BAE485C2FEF2A64A9 /* kakao-cocos2dx-ios-plugin-Prefix.pch */,
			);
			path = "kakao-cocos2dx-ios-plugin";
			sourceTree = "<group>";
		};
		C3E93DDF17E4A4B400F8FEEC = {
			isa = PBXGroup;
			children = (
				DFCACADC19F8F138005D94D3 /* libkakao-ios-sdk-i386-armv7-armv7s-arm64.a */,
				DFCACAD019F8F138005D94D3 /* kakao-ios-sdk */,
				C3E93DEA17E4A4B400F8FEEC /* Frameworks */,
				C3E93DE917E4A4B400F8FEEC /* Products */,
				B70483772FBF08C93151E6C4 /* kakao-cocos2dx-ios-plugin */,
			);
			sourceTree = "<group>";
		};
		C3E93DE917E4A4B400F8FEEC /* Products */ = {
			isa = PBXGroup;
			children = (
				C3E93DE817E4A4B400F8FEEC /* libkakao-cocos2dx-ios-plugin.a */,
			);
			name = Products;
			sourceTree = "<group>";
		};
		C3E93DEA17E4A4B400F8FEEC /* Frameworks */ = {
			isa = PBXGroup;
			children = (
				C3E93DEB17E4A4B400F8FEEC /* Foundation.framework */,
			);
			name = Frameworks;
			sourceTree = "<group>";
		};
		DFCACAD019F8F138005D94D3 /* kakao-ios-sdk */ = {
			isa = PBXGroup;
			children = (
				DFCACAD119F8F138005D94D3 /* KAAuth.h */,
				DFCACAD219F8F138005D94D3 /* KAError.h */,
				DFCACAD319F8F138005D94D3 /* KAJSON.h */,
				DFCACAD419F8F138005D94D3 /* Kakao.h */,
				DFCACAD519F8F138005D94D3 /* KakaoMessageBlockViewController.h */,
				DFCACAD619F8F138005D94D3 /* KakaoSDKViewController.h */,
				DFCACAD719F8F138005D94D3 /* KALinkMessageRequest.h */,
				DFCACAD819F8F138005D94D3 /* KALocalUser+LeaderBoard.h */,
				DFCACAD919F8F138005D94D3 /* KALocalUser.h */,
				DFCACADA19F8F138005D94D3 /* KCAsyncImageView.h */,
				DFCACADB19F8F138005D94D3 /* NSString+ChosungSeparate.h */,
			);
			path = "kakao-ios-sdk";
			sourceTree = "<group>";
		};
/* End PBXGroup section */

/* Begin PBXNativeTarget section */
		C3E93DE717E4A4B400F8FEEC /* kakao-cocos2dx-ios-plugin */ = {
			isa = PBXNativeTarget;
			buildConfigurationList = C3E93DF617E4A4B400F8FEEC /* Build configuration list for PBXNativeTarget "kakao-cocos2dx-ios-plugin" */;
			buildPhases = (
				C3E93DE417E4A4B400F8FEEC /* Sources */,
				C3E93DE517E4A4B400F8FEEC /* Frameworks */,
				C3E93DE617E4A4B400F8FEEC /* CopyFiles */,
			);
			buildRules = (
			);
			dependencies = (
			);
			name = "kakao-cocos2dx-ios-plugin";
			productName = "kakao-cocos2dx-ios-plugin";
			productReference = C3E93DE817E4A4B400F8FEEC /* libkakao-cocos2dx-ios-plugin.a */;
			productType = "com.apple.product-type.library.static";
		};
/* End PBXNativeTarget section */

/* Begin PBXProject section */
		C3E93DE017E4A4B400F8FEEC /* Project object */ = {
			isa = PBXProject;
			attributes = {
				LastUpgradeCheck = 0460;
				ORGANIZATIONNAME = "Game Dept.";
			};
			buildConfigurationList = C3E93DE317E4A4B400F8FEEC /* Build configuration list for PBXProject "kakao-cocos2dx-ios-plugin" */;
			compatibilityVersion = "Xcode 3.2";
			developmentRegion = English;
			hasScannedForEncodings = 0;
			knownRegions = (
				en,
			);
			mainGroup = C3E93DDF17E4A4B400F8FEEC;
			productRefGroup = C3E93DE917E4A4B400F8FEEC /* Products */;
			projectDirPath = "";
			projectRoot = "";
			targets = (
				C3E93DE717E4A4B400F8FEEC /* kakao-cocos2dx-ios-plugin */,
			);
		};
/* End PBXProject section */

/* Begin PBXSourcesBuildPhase section */
		C3E93DE417E4A4B400F8FEEC /* Sources */ = {
			isa = PBXSourcesBuildPhase;
			buildActionMask = 2147483647;
			files = (
				B704808A2D24C1E23A41011F /* KakaoiOS.mm in Sources */,
				B704853F22155906BE2D0CC3 /* KakaoStringKey.m in Sources */,
				B7048CE42DC8DACCBD759166 /* KakaoiOS+Process.mm in Sources */,
				B7048DAAE61EAEFD99B65B4C /* KakaoiOS+Leaderboard.m in Sources */,
			);
			runOnlyForDeploymentPostprocessing = 0;
		};
/* End PBXSourcesBuildPhase section */

/* Begin XCBuildConfiguration section */
		C3E93DF417E4A4B400F8FEEC /* Debug */ = {
			isa = XCBuildConfiguration;
			buildSettings = {
				ALWAYS_SEARCH_USER_PATHS = NO;
				CLANG_CXX_LANGUAGE_STANDARD = "c++0x";
				CLANG_CXX_LIBRARY = "libc++";
				CLANG_WARN_CONSTANT_CONVERSION = YES;
				CLANG_WARN_EMPTY_BODY = YES;
				CLANG_WARN_ENUM_CONVERSION = YES;
				CLANG_WARN_INT_CONVERSION = YES;
				CLANG_WARN__DUPLICATE_METHOD_MATCH = YES;
				COPY_PHASE_STRIP = NO;
				GCC_C_LANGUAGE_STANDARD = gnu99;
				GCC_DYNAMIC_NO_PIC = NO;
				GCC_OPTIMIZATION_LEVEL = 0;
				GCC_PREPROCESSOR_DEFINITIONS = (
					"DEBUG=1",
					"$(inherited)",
				);
				GCC_SYMBOLS_PRIVATE_EXTERN = NO;
				GCC_WARN_ABOUT_RETURN_TYPE = YES;
				GCC_WARN_UNINITIALIZED_AUTOS = YES;
				GCC_WARN_UNUSED_VARIABLE = YES;
				IPHONEOS_DEPLOYMENT_TARGET = 5.0;
				ONLY_ACTIVE_ARCH = NO;
				SDKROOT = iphoneos;
				SKIP_INSTALL = YES;
				VALID_ARCHS = "armv7 armv7s arm64";
			};
			name = Debug;
		};
		C3E93DF517E4A4B400F8FEEC /* Release */ = {
			isa = XCBuildConfiguration;
			buildSettings = {
				ALWAYS_SEARCH_USER_PATHS = NO;
				CLANG_CXX_LANGUAGE_STANDARD = "c++0x";
				CLANG_CXX_LIBRARY = "libc++";
				CLANG_WARN_CONSTANT_CONVERSION = YES;
				CLANG_WARN_EMPTY_BODY = YES;
				CLANG_WARN_ENUM_CONVERSION = YES;
				CLANG_WARN_INT_CONVERSION = YES;
				CLANG_WARN__DUPLICATE_METHOD_MATCH = YES;
				COPY_PHASE_STRIP = YES;
				GCC_C_LANGUAGE_STANDARD = gnu99;
				GCC_WARN_ABOUT_RETURN_TYPE = YES;
				GCC_WARN_UNINITIALIZED_AUTOS = YES;
				GCC_WARN_UNUSED_VARIABLE = YES;
				IPHONEOS_DEPLOYMENT_TARGET = 5.0;
				SDKROOT = iphoneos;
				SKIP_INSTALL = YES;
				VALIDATE_PRODUCT = YES;
				VALID_ARCHS = "armv7 armv7s arm64";
			};
			name = Release;
		};
		C3E93DF717E4A4B400F8FEEC /* Debug */ = {
			isa = XCBuildConfiguration;
			buildSettings = {
				ARCHS = "$(ARCHS_STANDARD)";
				CLANG_CXX_LANGUAGE_STANDARD = "c++0x";
				CLANG_CXX_LIBRARY = "libc++";
				DSTROOT = /tmp/kakao_cocos2dx_ios_plugin.dst;
				GCC_PRECOMPILE_PREFIX_HEADER = YES;
				GCC_PREFIX_HEADER = "kakao-cocos2dx-ios-plugin/kakao-cocos2dx-ios-plugin-Prefix.pch";
				HEADER_SEARCH_PATHS = "\"$(SRCROOT)/kakao-ios-sdk\"";
				IPHONEOS_DEPLOYMENT_TARGET = 5.1.1;
				LIBRARY_SEARCH_PATHS = (
					"$(inherited)",
					"$(SRCROOT)",
					"/Users/harvey/workspaces/cocos2d-x-2.2/projects/example/proj.ios/kakao-cocos2dx-ios-plugin_v1.0",
					"$(PROJECT_DIR)",
				);
				ONLY_ACTIVE_ARCH = NO;
				OTHER_LDFLAGS = "-ObjC";
				PRODUCT_NAME = "kakao-cocos2dx-ios-plugin";
				SKIP_INSTALL = YES;
				USER_HEADER_SEARCH_PATHS = "\"${PROJECT_DIR}/../../../Classes\"/**";
				VALID_ARCHS = "armv7 armv7s arm64";
			};
			name = Debug;
		};
		C3E93DF817E4A4B400F8FEEC /* Release */ = {
			isa = XCBuildConfiguration;
			buildSettings = {
				ARCHS = "$(ARCHS_STANDARD)";
				CLANG_CXX_LANGUAGE_STANDARD = "c++0x";
				CLANG_CXX_LIBRARY = "libc++";
				DSTROOT = /tmp/kakao_cocos2dx_ios_plugin.dst;
				GCC_PRECOMPILE_PREFIX_HEADER = YES;
				GCC_PREFIX_HEADER = "kakao-cocos2dx-ios-plugin/kakao-cocos2dx-ios-plugin-Prefix.pch";
				HEADER_SEARCH_PATHS = "\"$(SRCROOT)/kakao-ios-sdk\"";
				IPHONEOS_DEPLOYMENT_TARGET = 5.1.1;
				LIBRARY_SEARCH_PATHS = (
					"$(inherited)",
					"$(SRCROOT)",
					"/Users/harvey/workspaces/cocos2d-x-2.2/projects/example/proj.ios/kakao-cocos2dx-ios-plugin_v1.0",
					"$(PROJECT_DIR)",
				);
				OTHER_LDFLAGS = "-ObjC";
				PRODUCT_NAME = "kakao-cocos2dx-ios-plugin";
				SKIP_INSTALL = YES;
				USER_HEADER_SEARCH_PATHS = "\"${PROJECT_DIR}/../../../Classes\"/**";
				VALID_ARCHS = "armv7 armv7s arm64";
			};
			name = Release;
		};
/* End XCBuildConfiguration section */

/* Begin XCConfigurationList section */
		C3E93DE317E4A4B400F8FEEC /* Build configuration list for PBXProject "kakao-cocos2dx-ios-plugin" */ = {
			isa = XCConfigurationList;
			buildConfigurations = (
				C3E93DF417E4A4B400F8FEEC /* Debug */,
				C3E93DF517E4A4B400F8FEEC /* Release */,
			);
			defaultConfigurationIsVisible = 0;
			defaultConfigurationName = Release;
		};
		C3E93DF617E4A4B400F8FEEC /* Build configuration list for PBXNativeTarget "kakao-cocos2dx-ios-plugin" */ = {
			isa = XCConfigurationList;
			buildConfigurations = (
				C3E93DF717E4A4B400F8FEEC /* Debug */,
				C3E93DF817E4A4B400F8FEEC /* Release */,
			);
			defaultConfigurationIsVisible = 0;
			defaultConfigurationName = Release;
		};
/* End XCConfigurationList section */
	};
	rootObject = C3E93DE017E4A4B400F8FEEC /* Project object */;
}
