<?xml version="1.0" encoding="UTF-8"?>
<Scheme
   version = "1.3">
   <BuildAction>
      <BuildActionEntries>
         <BuildActionEntry
            buildForRunning = "YES">
            <BuildableReference
               BuildableIdentifier = "primary"
               BlueprintIdentifier = "C3E93DE717E4A4B400F8FEEC"
               BuildableName = "libkakao-cocos2dx-ios-plugin.a"
               BlueprintName = "kakao-cocos2dx-ios-plugin"
               ReferencedContainer = "container:kakao-cocos2dx-ios-plugin.xcodeproj">
            </BuildableReference>
         </BuildActionEntry>
      </BuildActionEntries>
   </BuildAction>
   <LaunchAction
      useCustomWorkingDirectory = "NO"
      buildConfiguration = "Debug">
   </LaunchAction>
</Scheme>
