<?xml version="1.0" encoding="utf-8"?>
<Project ToolsVersion="4.0" xmlns="http://schemas.microsoft.com/developer/msbuild/2003">
  <ItemGroup>
    <ClInclude Include="..\CCPerpSCB.h" />
    <ClInclude Include="..\CCPerpSpriter.h" />
  </ItemGroup>
  <ItemGroup>
    <ClCompile Include="..\CCPerpSpriter.cpp" />
  </ItemGroup>
</Project>