<?xml version="1.0" encoding="utf-8"?>
<Project ToolsVersion="4.0" xmlns="http://schemas.microsoft.com/developer/msbuild/2003">
  <ItemGroup>
    <Filter Include="Source Files">
      <UniqueIdentifier>{f0fc8c92-6e9d-4dbe-aac0-d029be3c6d10}</UniqueIdentifier>
      <Extensions>cpp;c;cxx;rc;def;r;odl;idl;hpj;bat</Extensions>
    </Filter>
    <Filter Include="Header Files">
      <UniqueIdentifier>{06ff7930-1e58-454a-98a3-a3402a99e6d7}</UniqueIdentifier>
      <Extensions>h;hpp;hxx;hm;inl</Extensions>
    </Filter>
    <Filter Include="Resource Files">
      <UniqueIdentifier>{8b884845-fc26-4723-b1af-88d535f47b06}</UniqueIdentifier>
      <Extensions>ico;cur;bmp;dlg;rc2;rct;bin;rgs;gif;jpg;jpeg;jpe</Extensions>
    </Filter>
  </ItemGroup>
  <ItemGroup>
    <ClCompile Include="PropTree.cpp">
      <Filter>Source Files</Filter>
    </ClCompile>
    <ClCompile Include="PropTreeInfo.cpp">
      <Filter>Source Files</Filter>
    </ClCompile>
    <ClCompile Include="PropTreeItem.cpp">
      <Filter>Source Files</Filter>
    </ClCompile>
    <ClCompile Include="PropTreeItemColor.cpp">
      <Filter>Source Files</Filter>
    </ClCompile>
    <ClCompile Include="PropTreeItemCombo.cpp">
      <Filter>Source Files</Filter>
    </ClCompile>
    <ClCompile Include="PropTreeItemEdit.cpp">
      <Filter>Source Files</Filter>
    </ClCompile>
    <ClCompile Include="PropTreeItemStatic.cpp">
      <Filter>Source Files</Filter>
    </ClCompile>
    <ClCompile Include="PropTreeList.cpp">
      <Filter>Source Files</Filter>
    </ClCompile>
    <ClCompile Include="StdAfx.cpp">
      <Filter>Source Files</Filter>
    </ClCompile>
  </ItemGroup>
  <ItemGroup>
    <ResourceCompile Include="PropTree.rc">
      <Filter>Source Files</Filter>
    </ResourceCompile>
  </ItemGroup>
  <ItemGroup>
    <ClInclude Include="PropTree.h">
      <Filter>Header Files</Filter>
    </ClInclude>
    <ClInclude Include="PropTreeInfo.h">
      <Filter>Header Files</Filter>
    </ClInclude>
    <ClInclude Include="PropTreeItem.h">
      <Filter>Header Files</Filter>
    </ClInclude>
    <ClInclude Include="PropTreeItemColor.h">
      <Filter>Header Files</Filter>
    </ClInclude>
    <ClInclude Include="PropTreeItemCombo.h">
      <Filter>Header Files</Filter>
    </ClInclude>
    <ClInclude Include="PropTreeItemEdit.h">
      <Filter>Header Files</Filter>
    </ClInclude>
    <ClInclude Include="PropTreeItemStatic.h">
      <Filter>Header Files</Filter>
    </ClInclude>
    <ClInclude Include="PropTreeList.h">
      <Filter>Header Files</Filter>
    </ClInclude>
    <ClInclude Include="Resource.h">
      <Filter>Header Files</Filter>
    </ClInclude>
    <ClInclude Include="StdAfx.h">
      <Filter>Header Files</Filter>
    </ClInclude>
  </ItemGroup>
  <ItemGroup>
    <CustomBuild Include="res\fpoint.cur">
      <Filter>Resource Files</Filter>
    </CustomBuild>
    <CustomBuild Include="res\PropTree.rc2">
      <Filter>Resource Files</Filter>
    </CustomBuild>
    <CustomBuild Include="res\spliter.cur">
      <Filter>Resource Files</Filter>
    </CustomBuild>
  </ItemGroup>
</Project>