<?xml version="1.0" encoding="utf-8"?>
<Project ToolsVersion="4.0" xmlns="http://schemas.microsoft.com/developer/msbuild/2003">
  <ItemGroup>
    <Filter Include="Classes">
      <UniqueIdentifier>{46bce3af-4ad7-4342-a066-3772c6323fd1}</UniqueIdentifier>
    </Filter>
    <Filter Include="Classes\PerpExt">
      <UniqueIdentifier>{82b6ce8d-4202-462b-aa33-7ae2dc966441}</UniqueIdentifier>
    </Filter>
    <Filter Include="lua">
      <UniqueIdentifier>{a04dd57a-d6ba-4da7-9f72-9244efbc5524}</UniqueIdentifier>
    </Filter>
    <Filter Include="lua\lib">
      <UniqueIdentifier>{ae02a35a-b2b6-404b-b145-d995852ed1b2}</UniqueIdentifier>
    </Filter>
    <Filter Include="lua\lib\pb">
      <UniqueIdentifier>{4c4a0c02-4c2f-468c-ad8e-3ffa8c847387}</UniqueIdentifier>
    </Filter>
    <Filter Include="lua\lib\pb\proto">
      <UniqueIdentifier>{af07168b-f68e-447d-8ac6-6c8deb619d51}</UniqueIdentifier>
    </Filter>
    <Filter Include="lua\lib\pb\standard">
      <UniqueIdentifier>{b31315d6-d689-465c-819d-20df1c4df66b}</UniqueIdentifier>
    </Filter>
    <Filter Include="lua\packet">
      <UniqueIdentifier>{670c742a-d5bd-455a-9960-c9ba3cbdaade}</UniqueIdentifier>
    </Filter>
    <Filter Include="lua\perpleLib">
      <UniqueIdentifier>{3c593bea-8818-484f-be91-1873511e1360}</UniqueIdentifier>
    </Filter>
    <Filter Include="lua\uilib">
      <UniqueIdentifier>{5b3d7124-8138-4ce6-a4c4-6d5d9a8c5330}</UniqueIdentifier>
    </Filter>
    <Filter Include="lua_tool">
      <UniqueIdentifier>{c6d83fe6-e740-4a77-bba7-7d9a789ea6a7}</UniqueIdentifier>
    </Filter>
    <Filter Include="win32">
      <UniqueIdentifier>{c45b502a-27d9-495f-80da-442c11aa02f5}</UniqueIdentifier>
    </Filter>
  </ItemGroup>
  <ItemGroup>
    <ClCompile Include="..\Classes\AppDelegate.cpp">
      <Filter>Classes</Filter>
    </ClCompile>
    <ClCompile Include="..\Classes\AppDelegate_Custom.cpp">
      <Filter>Classes</Filter>
    </ClCompile>
    <ClCompile Include="..\Classes\ConfigParser.cpp">
      <Filter>Classes</Filter>
    </ClCompile>
    <ClCompile Include="..\Classes\PerpLua.cpp">
      <Filter>Classes</Filter>
    </ClCompile>
    <ClCompile Include="..\Classes\PerpSocial.cpp">
      <Filter>Classes</Filter>
    </ClCompile>
    <ClCompile Include="..\Classes\PerpSupportLua.cpp">
      <Filter>Classes</Filter>
    </ClCompile>
    <ClCompile Include="..\Classes\Runtime.cpp">
      <Filter>Classes</Filter>
    </ClCompile>
    <ClCompile Include="..\Classes\PerpSupportPatch.cpp">
      <Filter>Classes</Filter>
    </ClCompile>
    <ClCompile Include="..\Classes\VisibleRect.cpp">
      <Filter>Classes</Filter>
    </ClCompile>
    <ClCompile Include="..\Classes\PerpExt\PerpUtils.cpp">
      <Filter>Classes\PerpExt</Filter>
    </ClCompile>
    <ClCompile Include="Runtime_win32.cpp">
      <Filter>win32</Filter>
    </ClCompile>
    <ClCompile Include="SimulatorWindow.cpp">
      <Filter>win32</Filter>
    </ClCompile>
    <ClCompile Include="PreloadFileGenerator\AppDelegateTool.cpp">
      <Filter>win32</Filter>
    </ClCompile>
    <ClCompile Include="PreloadFileGenerator\main.cpp">
      <Filter>win32</Filter>
    </ClCompile>
  </ItemGroup>
  <ItemGroup>
    <ClInclude Include="..\Classes\AppDelegate.h">
      <Filter>Classes</Filter>
    </ClInclude>
    <ClInclude Include="..\Classes\ConfigParser.h">
      <Filter>Classes</Filter>
    </ClInclude>
    <ClInclude Include="..\Classes\LoginPlatform.h">
      <Filter>Classes</Filter>
    </ClInclude>
    <ClInclude Include="..\Classes\PerpSocial.h">
      <Filter>Classes</Filter>
    </ClInclude>
    <ClInclude Include="..\Classes\PerpSupportLua.h">
      <Filter>Classes</Filter>
    </ClInclude>
    <ClInclude Include="..\Classes\Runtime.h">
      <Filter>Classes</Filter>
    </ClInclude>
    <ClInclude Include="..\Classes\PerpSupportPatch.h">
      <Filter>Classes</Filter>
    </ClInclude>
    <ClInclude Include="..\Classes\VisibleRect.h">
      <Filter>Classes</Filter>
    </ClInclude>
    <ClInclude Include="..\Classes\zconf.h">
      <Filter>Classes</Filter>
    </ClInclude>
    <ClInclude Include="..\Classes\zlib.h">
      <Filter>Classes</Filter>
    </ClInclude>
    <ClInclude Include="..\Classes\PerpExt\PerpUtils.h">
      <Filter>Classes\PerpExt</Filter>
    </ClInclude>
    <ClInclude Include="main.h">
      <Filter>win32</Filter>
    </ClInclude>
    <ClInclude Include="SimulatorWindow.h">
      <Filter>win32</Filter>
    </ClInclude>
    <ClInclude Include="resource.h" />
    <ClInclude Include="PreloadFileGenerator\AppDelegateTool.h">
      <Filter>win32</Filter>
    </ClInclude>
  </ItemGroup>
  <ItemGroup>
    <None Include="..\src\Animator.lua">
      <Filter>lua</Filter>
    </None>
    <None Include="..\src\AnimatorPng.lua">
      <Filter>lua</Filter>
    </None>
    <None Include="..\src\AnimatorSpine.lua">
      <Filter>lua</Filter>
    </None>
    <None Include="..\src\AnimatorVrp.lua">
      <Filter>lua</Filter>
    </None>
    <None Include="..\src\AttackDamage.lua">
      <Filter>lua</Filter>
    </None>
    <None Include="..\src\Boss.lua">
      <Filter>lua</Filter>
    </None>
    <None Include="..\src\Constant.lua">
      <Filter>lua</Filter>
    </None>
    <None Include="..\src\DamageCalc.lua">
      <Filter>lua</Filter>
    </None>
    <None Include="..\src\DynamicWave.lua">
      <Filter>lua</Filter>
    </None>
    <None Include="..\src\Enemy.lua">
      <Filter>lua</Filter>
    </None>
    <None Include="..\src\EnemyLua.lua">
      <Filter>lua</Filter>
    </None>
    <None Include="..\src\EnemyLua_test.lua">
      <Filter>lua</Filter>
    </None>
    <None Include="..\src\Entity.lua">
      <Filter>lua</Filter>
    </None>
    <None Include="..\src\GameState.lua">
      <Filter>lua</Filter>
    </None>
    <None Include="..\src\GameWorld.lua">
      <Filter>lua</Filter>
    </None>
    <None Include="..\src\GameWorld_Grid.lua">
      <Filter>lua</Filter>
    </None>
    <None Include="..\src\GameWorld_Touch.lua">
      <Filter>lua</Filter>
    </None>
    <None Include="..\src\Hero.lua">
      <Filter>lua</Filter>
    </None>
    <None Include="..\src\Laser.lua">
      <Filter>lua</Filter>
    </None>
    <None Include="..\src\LaserMissile.lua">
      <Filter>lua</Filter>
    </None>
    <None Include="..\src\LinearLaser.lua">
      <Filter>lua</Filter>
    </None>
    <None Include="..\src\LinkEffect.lua">
      <Filter>lua</Filter>
    </None>
    <None Include="..\src\main.lua">
      <Filter>lua</Filter>
    </None>
    <None Include="..\src\Missile.lua">
      <Filter>lua</Filter>
    </None>
    <None Include="..\src\MissileA2d.lua">
      <Filter>lua</Filter>
    </None>
    <None Include="..\src\MissileBoomerang.lua">
      <Filter>lua</Filter>
    </None>
    <None Include="..\src\MissileDrop.lua">
      <Filter>lua</Filter>
    </None>
    <None Include="..\src\MissileDropGuid.lua">
      <Filter>lua</Filter>
    </None>
    <None Include="..\src\MissileDropRandom.lua">
      <Filter>lua</Filter>
    </None>
    <None Include="..\src\MissileDropTarget.lua">
      <Filter>lua</Filter>
    </None>
    <None Include="..\src\MissileDropZigzag.lua">
      <Filter>lua</Filter>
    </None>
    <None Include="..\src\MissileEffecter.lua">
      <Filter>lua</Filter>
    </None>
    <None Include="..\src\MissileFactory.lua">
      <Filter>lua</Filter>
    </None>
    <None Include="..\src\MissileGuid.lua">
      <Filter>lua</Filter>
    </None>
    <None Include="..\src\MissileLauncher.lua">
      <Filter>lua</Filter>
    </None>
    <None Include="..\src\MissileLua.lua">
      <Filter>lua</Filter>
    </None>
    <None Include="..\src\MissileTarget.lua">
      <Filter>lua</Filter>
    </None>
    <None Include="..\src\MissileZigzag.lua">
      <Filter>lua</Filter>
    </None>
    <None Include="..\src\PhysObject.lua">
      <Filter>lua</Filter>
    </None>
    <None Include="..\src\PhysWorld.lua">
      <Filter>lua</Filter>
    </None>
    <None Include="..\src\require.lua">
      <Filter>lua</Filter>
    </None>
    <None Include="..\src\require_EnemyLua.lua">
      <Filter>lua</Filter>
    </None>
    <None Include="..\src\require_MissileLua.lua">
      <Filter>lua</Filter>
    </None>
    <None Include="..\src\RichLabel.lua">
      <Filter>lua</Filter>
    </None>
    <None Include="..\src\SceneCommon.lua">
      <Filter>lua</Filter>
    </None>
    <None Include="..\src\SceneDV.lua">
      <Filter>lua</Filter>
    </None>
    <None Include="..\src\SceneGame.lua">
      <Filter>lua</Filter>
    </None>
    <None Include="..\src\SceneLobby.lua">
      <Filter>lua</Filter>
    </None>
    <None Include="..\src\SceneLogo.lua">
      <Filter>lua</Filter>
    </None>
    <None Include="..\src\SceneWorldmap.lua">
      <Filter>lua</Filter>
    </None>
    <None Include="..\src\ScrollMap.lua">
      <Filter>lua</Filter>
    </None>
    <None Include="..\src\SoundMgr.lua">
      <Filter>lua</Filter>
    </None>
    <None Include="..\src\SoundMgrController.lua">
      <Filter>lua</Filter>
    </None>
    <None Include="..\src\SoundMgrProtected.lua">
      <Filter>lua</Filter>
    </None>
    <None Include="..\src\Table.lua">
      <Filter>lua</Filter>
    </None>
    <None Include="..\src\TableViewTD.lua">
      <Filter>lua</Filter>
    </None>
    <None Include="..\src\Tamer.lua">
      <Filter>lua</Filter>
    </None>
    <None Include="..\src\UI_Game.lua">
      <Filter>lua</Filter>
    </None>
    <None Include="..\src\UI_GameDebug.lua">
      <Filter>lua</Filter>
    </None>
    <None Include="..\src\UI_GamePause.lua">
      <Filter>lua</Filter>
    </None>
    <None Include="..\src\UI_GameResult.lua">
      <Filter>lua</Filter>
    </None>
    <None Include="..\src\UI_IngameCard.lua">
      <Filter>lua</Filter>
    </None>
    <None Include="..\src\UI_TamerIndicator.lua">
      <Filter>lua</Filter>
    </None>
    <None Include="..\src\WaveMgr.lua">
      <Filter>lua</Filter>
    </None>
    <None Include="..\src\lib\class.lua">
      <Filter>lua\lib</Filter>
    </None>
    <None Include="..\src\lib\math.lua">
      <Filter>lua\lib</Filter>
    </None>
    <None Include="..\src\lib\net.lua">
      <Filter>lua\lib</Filter>
    </None>
    <None Include="..\src\lib\pb.lua">
      <Filter>lua\lib</Filter>
    </None>
    <None Include="..\src\lib\Radian.lua">
      <Filter>lua\lib</Filter>
    </None>
    <None Include="..\src\lib\scheduler.lua">
      <Filter>lua\lib</Filter>
    </None>
    <None Include="..\src\lib\SocketTCP.lua">
      <Filter>lua\lib</Filter>
    </None>
    <None Include="..\src\lib\StringUtils.lua">
      <Filter>lua\lib</Filter>
    </None>
    <None Include="..\src\lib\Translate.lua">
      <Filter>lua\lib</Filter>
    </None>
    <None Include="..\src\lib\utils.lua">
      <Filter>lua\lib</Filter>
    </None>
    <None Include="..\src\lib\pb\handlers.lua">
      <Filter>lua\lib\pb</Filter>
    </None>
    <None Include="..\src\lib\pb\standard.lua">
      <Filter>lua\lib\pb</Filter>
    </None>
    <None Include="..\src\lib\pb\utils.lua">
      <Filter>lua\lib\pb</Filter>
    </None>
    <None Include="..\src\lib\pb\proto\grammar.lua">
      <Filter>lua\lib\pb\proto</Filter>
    </None>
    <None Include="..\src\lib\pb\proto\parser.lua">
      <Filter>lua\lib\pb\proto</Filter>
    </None>
    <None Include="..\src\lib\pb\proto\scanner.lua">
      <Filter>lua\lib\pb\proto</Filter>
    </None>
    <None Include="..\src\lib\pb\proto\util.lua">
      <Filter>lua\lib\pb\proto</Filter>
    </None>
    <None Include="..\src\lib\pb\standard\buffer.lua">
      <Filter>lua\lib\pb\standard</Filter>
    </None>
    <None Include="..\src\lib\pb\standard\dump.lua">
      <Filter>lua\lib\pb\standard</Filter>
    </None>
    <None Include="..\src\lib\pb\standard\message.lua">
      <Filter>lua\lib\pb\standard</Filter>
    </None>
    <None Include="..\src\lib\pb\standard\pack.lua">
      <Filter>lua\lib\pb\standard</Filter>
    </None>
    <None Include="..\src\lib\pb\standard\repeated.lua">
      <Filter>lua\lib\pb\standard</Filter>
    </None>
    <None Include="..\src\lib\pb\standard\unknown.lua">
      <Filter>lua\lib\pb\standard</Filter>
    </None>
    <None Include="..\src\lib\pb\standard\unpack.lua">
      <Filter>lua\lib\pb\standard</Filter>
    </None>
    <None Include="..\src\packet\channel.proto">
      <Filter>lua\packet</Filter>
    </None>
    <None Include="..\src\packet\protocol.proto">
      <Filter>lua\packet</Filter>
    </None>
    <None Include="..\src\perpleLib\crand.lua">
      <Filter>lua\perpleLib</Filter>
    </None>
    <None Include="..\src\perpleLib\csv.lua">
      <Filter>lua\perpleLib</Filter>
    </None>
    <None Include="..\src\perpleLib\dkjson.lua">
      <Filter>lua\perpleLib</Filter>
    </None>
    <None Include="..\src\perpleLib\json.lua">
      <Filter>lua\perpleLib</Filter>
    </None>
    <None Include="..\src\perpleLib\PerpleScene.lua">
      <Filter>lua\perpleLib</Filter>
    </None>
    <None Include="..\src\perpleLib\sn.lua">
      <Filter>lua\perpleLib</Filter>
    </None>
    <None Include="..\src\perpleLib\StringUtils.lua">
      <Filter>lua\perpleLib</Filter>
    </None>
    <None Include="..\src\uilib\Notification.lua">
      <Filter>lua\uilib</Filter>
    </None>
    <None Include="..\src\uilib\TableView.lua">
      <Filter>lua\uilib</Filter>
    </None>
    <None Include="..\src\uilib\UI.lua">
      <Filter>lua\uilib</Filter>
    </None>
    <None Include="..\src\uilib\UILoader.lua">
      <Filter>lua\uilib</Filter>
    </None>
    <None Include="..\src\uilib\UIManager.lua">
      <Filter>lua\uilib</Filter>
    </None>
    <None Include="build-cfg.json" />
    <None Include="..\src_tool\entry_preload_generator.lua">
      <Filter>lua_tool</Filter>
    </None>
  </ItemGroup>
  <ItemGroup>
    <Image Include="res\game.ico" />
  </ItemGroup>
  <ItemGroup>
    <ResourceCompile Include="AnimationViewer\game_viewer.rc" />
  </ItemGroup>
</Project>