<?xml version="1.0" encoding="utf-8"?>
<Project ToolsVersion="4.0" xmlns="http://schemas.microsoft.com/developer/msbuild/2003">
  <ItemGroup>
    <ClCompile Include="..\Classes\ConfigParser.cpp">
      <Filter>Classes</Filter>
    </ClCompile>
    <ClCompile Include="..\Classes\Runtime.cpp">
      <Filter>Classes</Filter>
    </ClCompile>
    <ClCompile Include="..\Classes\VisibleRect.cpp">
      <Filter>Classes</Filter>
    </ClCompile>
    <ClCompile Include="..\Classes\PerpSupportLua.cpp">
      <Filter>Classes</Filter>
    </ClCompile>
    <ClCompile Include="..\Classes\PerpSupportPatch.cpp">
      <Filter>Classes</Filter>
    </ClCompile>
    <ClCompile Include="..\Classes\PerpSocial.cpp">
      <Filter>Classes</Filter>
    </ClCompile>
    <ClCompile Include="..\Classes\PerpExt\PerpUtils.cpp">
      <Filter>Classes\PerpExt</Filter>
    </ClCompile>
    <ClCompile Include="..\Classes\PerpLua.cpp">
      <Filter>Classes</Filter>
    </ClCompile>
    <ClCompile Include="..\Classes\AppDelegate_Custom.cpp">
      <Filter>Classes</Filter>
    </ClCompile>
    <ClCompile Include="..\Classes\AppDelegate.cpp">
      <Filter>Classes</Filter>
    </ClCompile>
    <ClCompile Include="Runtime_win32.cpp">
      <Filter>win32</Filter>
    </ClCompile>
    <ClCompile Include="SimulatorWindow.cpp">
      <Filter>win32</Filter>
    </ClCompile>
    <ClCompile Include="main.cpp">
      <Filter>win32</Filter>
    </ClCompile>
  </ItemGroup>
  <ItemGroup>
    <ClInclude Include="resource.h" />
    <ClInclude Include="..\Classes\ConfigParser.h">
      <Filter>Classes</Filter>
    </ClInclude>
    <ClInclude Include="..\Classes\Runtime.h">
      <Filter>Classes</Filter>
    </ClInclude>
    <ClInclude Include="..\Classes\VisibleRect.h">
      <Filter>Classes</Filter>
    </ClInclude>
    <ClInclude Include="..\Classes\zconf.h">
      <Filter>Classes</Filter>
    </ClInclude>
    <ClInclude Include="..\Classes\zlib.h">
      <Filter>Classes</Filter>
    </ClInclude>
    <ClInclude Include="..\Classes\PerpSupportLua.h">
      <Filter>Classes</Filter>
    </ClInclude>
    <ClInclude Include="..\Classes\PerpSupportPatch.h">
      <Filter>Classes</Filter>
    </ClInclude>
    <ClInclude Include="..\Classes\PerpSocial.h">
      <Filter>Classes</Filter>
    </ClInclude>
    <ClInclude Include="..\Classes\PerpExt\PerpUtils.h">
      <Filter>Classes\PerpExt</Filter>
    </ClInclude>
    <ClInclude Include="..\Classes\AppDelegate.h">
      <Filter>Classes</Filter>
    </ClInclude>
    <ClInclude Include="SimulatorWindow.h">
      <Filter>win32</Filter>
    </ClInclude>
    <ClInclude Include="main.h">
      <Filter>win32</Filter>
    </ClInclude>
    <ClInclude Include="..\Classes\LoginPlatform.h">
      <Filter>Classes</Filter>
    </ClInclude>
  </ItemGroup>
  <ItemGroup>
    <ResourceCompile Include="game.rc" />
  </ItemGroup>
  <ItemGroup>
    <Image Include="res\game.ico" />
  </ItemGroup>
  <ItemGroup>
    <None Include="..\src\main.lua">
      <Filter>lua</Filter>
    </None>
    <None Include="..\src\lib\math.lua">
      <Filter>lua\lib</Filter>
    </None>
    <None Include="..\src\lib\net.lua">
      <Filter>lua\lib</Filter>
    </None>
    <None Include="..\src\lib\pb.lua">
      <Filter>lua\lib</Filter>
    </None>
    <None Include="..\src\lib\scheduler.lua">
      <Filter>lua\lib</Filter>
    </None>
    <None Include="..\src\lib\SocketTCP.lua">
      <Filter>lua\lib</Filter>
    </None>
    <None Include="..\src\lib\StringUtils.lua">
      <Filter>lua\lib</Filter>
    </None>
    <None Include="..\src\lib\Translate.lua">
      <Filter>lua\lib</Filter>
    </None>
    <None Include="..\src\lib\utils.lua">
      <Filter>lua\lib</Filter>
    </None>
    <None Include="..\src\lib\class.lua">
      <Filter>lua\lib</Filter>
    </None>
    <None Include="..\src\lib\pb\handlers.lua">
      <Filter>lua\lib\pb</Filter>
    </None>
    <None Include="..\src\lib\pb\standard.lua">
      <Filter>lua\lib\pb</Filter>
    </None>
    <None Include="..\src\lib\pb\utils.lua">
      <Filter>lua\lib\pb</Filter>
    </None>
    <None Include="..\src\lib\pb\proto\parser.lua">
      <Filter>lua\lib\pb\proto</Filter>
    </None>
    <None Include="..\src\lib\pb\proto\scanner.lua">
      <Filter>lua\lib\pb\proto</Filter>
    </None>
    <None Include="..\src\lib\pb\proto\util.lua">
      <Filter>lua\lib\pb\proto</Filter>
    </None>
    <None Include="..\src\lib\pb\proto\grammar.lua">
      <Filter>lua\lib\pb\proto</Filter>
    </None>
    <None Include="..\src\lib\pb\standard\message.lua">
      <Filter>lua\lib\pb\standard</Filter>
    </None>
    <None Include="..\src\lib\pb\standard\pack.lua">
      <Filter>lua\lib\pb\standard</Filter>
    </None>
    <None Include="..\src\lib\pb\standard\repeated.lua">
      <Filter>lua\lib\pb\standard</Filter>
    </None>
    <None Include="..\src\lib\pb\standard\unknown.lua">
      <Filter>lua\lib\pb\standard</Filter>
    </None>
    <None Include="..\src\lib\pb\standard\unpack.lua">
      <Filter>lua\lib\pb\standard</Filter>
    </None>
    <None Include="..\src\lib\pb\standard\buffer.lua">
      <Filter>lua\lib\pb\standard</Filter>
    </None>
    <None Include="..\src\lib\pb\standard\dump.lua">
      <Filter>lua\lib\pb\standard</Filter>
    </None>
    <None Include="..\src\packet\channel.proto">
      <Filter>lua\packet</Filter>
    </None>
    <None Include="..\src\packet\protocol.proto">
      <Filter>lua\packet</Filter>
    </None>
    <None Include="..\src\perpleLib\sn.lua">
      <Filter>lua\perpleLib</Filter>
    </None>
    <None Include="..\src\perpleLib\StringUtils.lua">
      <Filter>lua\perpleLib</Filter>
    </None>
    <None Include="..\src\perpleLib\crand.lua">
      <Filter>lua\perpleLib</Filter>
    </None>
    <None Include="..\src\perpleLib\csv.lua">
      <Filter>lua\perpleLib</Filter>
    </None>
    <None Include="..\src\perpleLib\dkjson.lua">
      <Filter>lua\perpleLib</Filter>
    </None>
    <None Include="..\src\perpleLib\json.lua">
      <Filter>lua\perpleLib</Filter>
    </None>
    <None Include="..\src\perpleLib\PerpleScene.lua">
      <Filter>lua\perpleLib</Filter>
    </None>
    <None Include="..\src\uilib\TableView.lua">
      <Filter>lua\uilib</Filter>
    </None>
    <None Include="..\src\uilib\UI.lua">
      <Filter>lua\uilib</Filter>
    </None>
    <None Include="..\src\uilib\UILoader.lua">
      <Filter>lua\uilib</Filter>
    </None>
    <None Include="..\src\uilib\UIManager.lua">
      <Filter>lua\uilib</Filter>
    </None>
    <None Include="..\src\uilib\Notification.lua">
      <Filter>lua\uilib</Filter>
    </None>
    <None Include="..\src\require.lua">
      <Filter>lua</Filter>
    </None>
    <None Include="..\src\RichLabel.lua">
      <Filter>lua</Filter>
    </None>
    <None Include="..\src\SceneCommon.lua">
      <Filter>lua</Filter>
    </None>
    <None Include="..\src\SoundMgr.lua">
      <Filter>lua</Filter>
    </None>
    <None Include="..\src\SoundMgrController.lua">
      <Filter>lua</Filter>
    </None>
    <None Include="..\src\SoundMgrProtected.lua">
      <Filter>lua</Filter>
    </None>
    <None Include="..\src\Table.lua">
      <Filter>lua</Filter>
    </None>
    <None Include="..\src\TableViewTD.lua">
      <Filter>lua</Filter>
    </None>
    <None Include="..\src\SceneDV.lua">
      <Filter>lua</Filter>
    </None>
    <None Include="..\src\ScrollMap.lua">
      <Filter>lua</Filter>
    </None>
    <None Include="..\src\PhysObject.lua">
      <Filter>lua</Filter>
    </None>
    <None Include="..\src\PhysWorld.lua">
      <Filter>lua</Filter>
    </None>
    <None Include="..\src\Animator.lua">
      <Filter>lua</Filter>
    </None>
    <None Include="..\src\AnimatorSpine.lua">
      <Filter>lua</Filter>
    </None>
    <None Include="..\src\AnimatorVrp.lua">
      <Filter>lua</Filter>
    </None>
    <None Include="..\src\AnimatorPng.lua">
      <Filter>lua</Filter>
    </None>
    <None Include="..\src\Entity.lua">
      <Filter>lua</Filter>
    </None>
    <None Include="..\src\SceneGame.lua">
      <Filter>lua</Filter>
    </None>
    <None Include="..\src\SceneLogo.lua">
      <Filter>lua</Filter>
    </None>
    <None Include="..\src\GameWorld.lua">
      <Filter>lua</Filter>
    </None>
    <None Include="..\src\Missile.lua">
      <Filter>lua</Filter>
    </None>
    <None Include="..\src\GameWorld_Touch.lua">
      <Filter>lua</Filter>
    </None>
    <None Include="..\src\MissileFactory.lua">
      <Filter>lua</Filter>
    </None>
    <None Include="..\src\MissileLauncher.lua">
      <Filter>lua</Filter>
    </None>
    <None Include="..\src\MissileBoomerang.lua">
      <Filter>lua</Filter>
    </None>
    <None Include="..\src\MissileDrop.lua">
      <Filter>lua</Filter>
    </None>
    <None Include="..\src\MissileDropGuid.lua">
      <Filter>lua</Filter>
    </None>
    <None Include="..\src\MissileDropRandom.lua">
      <Filter>lua</Filter>
    </None>
    <None Include="..\src\MissileDropTarget.lua">
      <Filter>lua</Filter>
    </None>
    <None Include="..\src\MissileDropZigzag.lua">
      <Filter>lua</Filter>
    </None>
    <None Include="..\src\MissileGuid.lua">
      <Filter>lua</Filter>
    </None>
    <None Include="..\src\MissileTarget.lua">
      <Filter>lua</Filter>
    </None>
    <None Include="..\src\MissileZigzag.lua">
      <Filter>lua</Filter>
    </None>
    <None Include="..\src\lib\Radian.lua">
      <Filter>lua\lib</Filter>
    </None>
    <None Include="..\src\SceneLobby.lua">
      <Filter>lua</Filter>
    </None>
    <None Include="..\src\LaserMissile.lua">
      <Filter>lua</Filter>
    </None>
    <None Include="..\src\WaveMgr.lua">
      <Filter>lua</Filter>
    </None>
    <None Include="..\src\GameState.lua">
      <Filter>lua</Filter>
    </None>
    <None Include="..\src\DamageCalc.lua">
      <Filter>lua</Filter>
    </None>
    <None Include="..\src\MissileEffecter.lua">
      <Filter>lua</Filter>
    </None>
    <None Include="..\src\MissileLua.lua">
      <Filter>lua</Filter>
    </None>
    <None Include="..\src\require_MissileLua.lua">
      <Filter>lua</Filter>
    </None>
    <None Include="..\src\DynamicWave.lua">
      <Filter>lua</Filter>
    </None>
    <None Include="..\src\require_EnemyLua.lua">
      <Filter>lua</Filter>
    </None>
    <None Include="..\src\UserData.lua">
      <Filter>lua</Filter>
    </None>
    <None Include="..\src\IconHelper.lua">
      <Filter>lua</Filter>
    </None>
    <None Include="..\src\AnimatorHelper.lua">
      <Filter>lua</Filter>
    </None>
    <None Include="..\src\GameWorld_Formation.lua">
      <Filter>lua</Filter>
    </None>
    <None Include="..\src\FormationMgr.lua">
      <Filter>lua</Filter>
    </None>
    <None Include="..\src\Character.lua">
      <Filter>lua</Filter>
    </None>
    <None Include="..\src\StatusCalculator.lua">
      <Filter>lua</Filter>
    </None>
    <None Include="..\src\StatusCalculatorFormula.lua">
      <Filter>lua</Filter>
    </None>
    <None Include="..\src\CharacterSkill.lua">
      <Filter>lua</Filter>
    </None>
    <None Include="..\src\MissileGuidTarget.lua">
      <Filter>lua</Filter>
    </None>
    <None Include="..\src\MissileBounce.lua">
      <Filter>lua</Filter>
    </None>
    <None Include="..\src\ObjectGold.lua">
      <Filter>lua</Filter>
    </None>
    <None Include="..\src\CharacterState.lua">
      <Filter>lua</Filter>
    </None>
    <None Include="..\src\SkillHealAround.lua">
      <Filter>lua</Filter>
    </None>
    <None Include="..\src\SkillShield.lua">
      <Filter>lua</Filter>
    </None>
    <None Include="..\src\MissileCurve.lua">
      <Filter>lua</Filter>
    </None>
    <None Include="..\src\Buff.lua">
      <Filter>lua</Filter>
    </None>
    <None Include="..\src\ObjectCharge.lua">
      <Filter>lua</Filter>
    </None>
    <None Include="..\src\Counter.lua">
      <Filter>lua</Filter>
    </None>
    <None Include="..\src\SkillIndicatorMgr.lua">
      <Filter>lua</Filter>
    </None>
    <None Include="..\src\SkillIndicator.lua">
      <Filter>lua</Filter>
    </None>
    <None Include="..\src\SkillIndicator_Range.lua">
      <Filter>lua</Filter>
    </None>
    <None Include="..\src\SkillIndicator_Target.lua">
      <Filter>lua</Filter>
    </None>
    <None Include="..\src\SkillProtection.lua">
      <Filter>lua</Filter>
    </None>
    <None Include="..\src\Buff_Protection.lua">
      <Filter>lua</Filter>
    </None>
    <None Include="..\src\EffectHeal.lua">
      <Filter>lua</Filter>
    </None>
    <None Include="..\src\FormationMgr_TargetRule.lua">
      <Filter>lua</Filter>
    </None>
    <None Include="..\src\Stopwatch.lua">
      <Filter>lua</Filter>
    </None>
    <None Include="..\src\DataAdventure.lua">
      <Filter>lua</Filter>
    </None>
    <None Include="..\src\SceneAdventure.lua">
      <Filter>lua</Filter>
    </None>
    <None Include="..\src\SkillIndicator_HealingWind.lua">
      <Filter>lua</Filter>
    </None>
    <None Include="..\src\SkillHealingWind.lua">
      <Filter>lua</Filter>
    </None>
    <None Include="..\src\CharacterEvent.lua">
      <Filter>lua</Filter>
    </None>
    <None Include="..\src\MissileFix.lua">
      <Filter>lua</Filter>
    </None>
    <None Include="..\src\SkillIndicator_Crash.lua">
      <Filter>lua</Filter>
    </None>
    <None Include="..\src\SkillCrash.lua">
      <Filter>lua</Filter>
    </None>
    <None Include="..\src\ITopUserInfo_EventListener.lua">
      <Filter>lua</Filter>
    </None>
    <None Include="..\src\DropHelper.lua">
      <Filter>lua</Filter>
    </None>
    <None Include="..\src\DragonCard.lua">
      <Filter>lua</Filter>
    </None>
    <None Include="..\src\SumRandom.lua">
      <Filter>lua</Filter>
    </None>
    <None Include="..\src\TriggerHpPercent.lua">
      <Filter>lua</Filter>
    </None>
    <None Include="..\src\NumberLabel.lua">
      <Filter>lua</Filter>
    </None>
    <None Include="..\src\LevelupDirector.lua">
      <Filter>lua</Filter>
    </None>
    <None Include="..\src\LevelupDirector_GameResult.lua">
      <Filter>lua</Filter>
    </None>
    <None Include="..\src\ValidationAssistant.lua">
      <Filter>lua</Filter>
    </None>
    <None Include="..\src\DragonSkillManager.lua">
      <Filter>lua</Filter>
    </None>
    <None Include="..\src\ScrollMapLayer.lua">
      <Filter>lua</Filter>
    </None>
    <None Include="..\src\EffectTimer.lua">
      <Filter>lua</Filter>
    </None>
    <None Include="..\src\AnimationMap.lua">
      <Filter>lua</Filter>
    </None>
    <None Include="..\src\MapManager.lua">
      <Filter>lua</Filter>
    </None>
    <None Include="..\src\Network.lua">
      <Filter>lua</Filter>
    </None>
    <None Include="..\src\ScenePatch.lua">
      <Filter>lua</Filter>
    </None>
    <None Include="..\src\mainPatch.lua">
      <Filter>lua</Filter>
    </None>
    <None Include="..\src\PatchCore.lua">
      <Filter>lua</Filter>
    </None>
    <None Include="..\src\PatchData.lua">
      <Filter>lua</Filter>
    </None>
    <None Include="..\src\UILua.lua">
      <Filter>lua\uilib</Filter>
    </None>
    <None Include="..\src\Camera.lua">
      <Filter>lua</Filter>
    </None>
    <None Include="..\src\CameraTouchHandler.lua">
      <Filter>lua</Filter>
    </None>
    <None Include="..\src\ValidationDragon.lua">
      <Filter>lua</Filter>
    </None>
    <None Include="..\src\Camera_Lobby.lua">
      <Filter>lua</Filter>
    </None>
    <None Include="..\src\CameraTouchHandler_Lobby.lua">
      <Filter>lua</Filter>
    </None>
    <None Include="..\src\Camera_LobbySwipe.lua">
      <Filter>lua</Filter>
    </None>
    <None Include="..\src\IEventDispatcher.lua">
      <Filter>lua</Filter>
    </None>
    <None Include="..\src\TableViewExtension.lua">
      <Filter>lua</Filter>
    </None>
    <None Include="..\src\SkillLeafBlade.lua">
      <Filter>lua</Filter>
    </None>
    <None Include="..\src\SkillIndicator_LeafBlade.lua">
      <Filter>lua</Filter>
    </None>
    <None Include="..\src\EffectBezierLink.lua">
      <Filter>lua</Filter>
    </None>
    <None Include="..\src\EffectLinearDot.lua">
      <Filter>lua</Filter>
    </None>
    <None Include="..\src\SkillSummon.lua">
      <Filter>lua</Filter>
    </None>
    <None Include="..\src\Monster_GiantDragon.lua">
      <Filter>lua</Filter>
    </None>
    <None Include="..\src\DragonSkillIndivisualInfo.lua">
      <Filter>lua</Filter>
    </None>
    <None Include="..\src\StatusEffectHelper.lua">
      <Filter>lua</Filter>
    </None>
    <None Include="..\src\StatusEffect.lua">
      <Filter>lua</Filter>
    </None>
    <None Include="..\src\StatusEffect_PassiveSpatter.lua">
      <Filter>lua</Filter>
    </None>
    <None Include="..\src\SkillSpatter.lua">
      <Filter>lua</Filter>
    </None>
    <None Include="..\src\SkillAoERound.lua">
      <Filter>lua</Filter>
    </None>
    <None Include="..\src\SkillIndicator_AoERound.lua">
      <Filter>lua</Filter>
    </None>
    <None Include="..\src\AreaOfEffectHelper.lua">
      <Filter>lua</Filter>
    </None>
    <None Include="..\src\ActivityCarrier.lua">
      <Filter>lua</Filter>
    </None>
    <None Include="..\src\StatusEffect_Trigger.lua">
      <Filter>lua</Filter>
    </None>
    <None Include="..\src\SkillConicAtk.lua">
      <Filter>lua</Filter>
    </None>
    <None Include="..\src\TamerSkillSystem.lua">
      <Filter>lua</Filter>
    </None>
    <None Include="..\src\SkillExplosion.lua">
      <Filter>lua</Filter>
    </None>
    <None Include="..\src\Skill.lua">
      <Filter>lua</Filter>
    </None>
    <None Include="..\src\SkillRolling.lua">
      <Filter>lua</Filter>
    </None>
    <None Include="..\src\CharacterStateDelegate.lua">
      <Filter>lua</Filter>
    </None>
    <None Include="..\src\StatusEffect_CheckWorld.lua">
      <Filter>lua</Filter>
    </None>
    <None Include="..\src\SkillDispelMagic.lua">
      <Filter>lua</Filter>
    </None>
    <None Include="..\src\SkillIndicator_Conic.lua">
      <Filter>lua</Filter>
    </None>
    <None Include="..\src\StatusEffect_DotDmg.lua">
      <Filter>lua</Filter>
    </None>
    <None Include="..\src\SkillMeleeHack.lua">
      <Filter>lua</Filter>
    </None>
    <None Include="..\src\StatusEffect_addAttack.lua">
      <Filter>lua</Filter>
    </None>
    <None Include="..\src\SkillAddAttack.lua">
      <Filter>lua</Filter>
    </None>
    <None Include="..\src\SkillIndicator_ConicSpread.lua">
      <Filter>lua</Filter>
    </None>
    <None Include="..\src\SkillConicAtk_Spread.lua">
      <Filter>lua</Filter>
    </None>
    <None Include="..\src\StatusEffectIcon.lua">
      <Filter>lua</Filter>
    </None>
    <None Include="..\src\SkillMeleeHack_Specific.lua">
      <Filter>lua</Filter>
    </None>
    <None Include="..\src\SkillCounterAttack.lua">
      <Filter>lua</Filter>
    </None>
    <None Include="..\src\SkillAttributeAmor.lua">
      <Filter>lua</Filter>
    </None>
    <None Include="..\src\ShaderCache.lua">
      <Filter>lua</Filter>
    </None>
    <None Include="..\src\SceneTitle.lua">
      <Filter>lua</Filter>
    </None>
    <None Include="..\src\CommonMissile.lua">
      <Filter>lua</Filter>
    </None>
    <None Include="..\src\CommonMissile_Cruise.lua">
      <Filter>lua</Filter>
    </None>
    <None Include="..\src\CommonMissile_Straight.lua">
      <Filter>lua</Filter>
    </None>
    <None Include="..\src\CommonMissile_Shotgun.lua">
      <Filter>lua</Filter>
    </None>
    <None Include="..\src\CommonMissile_High.lua">
      <Filter>lua</Filter>
    </None>
    <None Include="..\src\CommonMissile_Release.lua">
      <Filter>lua</Filter>
    </None>
    <None Include="..\src\SkillRay.lua">
      <Filter>lua</Filter>
    </None>
    <None Include="..\src\ServerData.lua">
      <Filter>lua</Filter>
    </None>
    <None Include="..\src\GameCamera.lua">
      <Filter>lua</Filter>
    </None>
    <None Include="..\src\ServerData_User.lua">
      <Filter>lua</Filter>
    </None>
    <None Include="..\src\ServerData_Dragons.lua">
      <Filter>lua</Filter>
    </None>
    <None Include="..\src\ServerData_Deck.lua">
      <Filter>lua</Filter>
    </None>
    <None Include="..\src\StatusEffect_Protection.lua">
      <Filter>lua</Filter>
    </None>
    <None Include="..\src\NetworkLocalServer.lua">
      <Filter>lua</Filter>
    </None>
    <None Include="..\src\SkillHitEffectDirector.lua">
      <Filter>lua</Filter>
    </None>
    <None Include="..\src\SkillLaser.lua">
      <Filter>lua</Filter>
    </None>
    <None Include="..\src\ChargeSystem_Touch.lua">
      <Filter>lua</Filter>
    </None>
    <None Include="..\src\TamerSkillManager.lua">
      <Filter>lua</Filter>
    </None>
    <None Include="..\src\TamerSpecialSkillCombination.lua">
      <Filter>lua</Filter>
    </None>
    <None Include="..\src\TamerSkillCut.lua">
      <Filter>lua</Filter>
    </None>
    <None Include="..\src\TamerSpeechSystem.lua">
      <Filter>lua</Filter>
    </None>
    <None Include="..\src\UI_TopUserInfo.lua">
      <Filter>lua\UI</Filter>
    </None>
    <None Include="..\src\UI_AdventureChapterButton.lua">
      <Filter>lua\UI</Filter>
    </None>
    <None Include="..\src\UI_AdventureChapterSelectPopup.lua">
      <Filter>lua\UI</Filter>
    </None>
    <None Include="..\src\UI_AdventureFirstRewardPopup.lua">
      <Filter>lua\UI</Filter>
    </None>
    <None Include="..\src\UI_AdventureSceneNew.lua">
      <Filter>lua\UI</Filter>
    </None>
    <None Include="..\src\UI_AdventureStageButton.lua">
      <Filter>lua\UI</Filter>
    </None>
    <None Include="..\src\UI_AdventureStageInfo.lua">
      <Filter>lua\UI</Filter>
    </None>
    <None Include="..\src\UI_ClassForm.lua">
      <Filter>lua\UI</Filter>
    </None>
    <None Include="..\src\UI_ClassFormUseTopUserInfo.lua">
      <Filter>lua\UI</Filter>
    </None>
    <None Include="..\src\UI_DragonDetailPopup.lua">
      <Filter>lua\UI</Filter>
    </None>
    <None Include="..\src\UI_DragonDevApiPopup.lua">
      <Filter>lua\UI</Filter>
    </None>
    <None Include="..\src\UI_DragonGachaResult.lua">
      <Filter>lua\UI</Filter>
    </None>
    <None Include="..\src\UI_DragonManage_Base.lua">
      <Filter>lua\UI</Filter>
    </None>
    <None Include="..\src\UI_DragonManageInfo.lua">
      <Filter>lua\UI</Filter>
    </None>
    <None Include="..\src\UI_DragonManageInfoView.lua">
      <Filter>lua\UI</Filter>
    </None>
    <None Include="..\src\UI_DragonManagementEvolution.lua">
      <Filter>lua\UI</Filter>
    </None>
    <None Include="..\src\UI_DragonManagementFriendship.lua">
      <Filter>lua\UI</Filter>
    </None>
    <None Include="..\src\UI_DragonManageUpgrade.lua">
      <Filter>lua\UI</Filter>
    </None>
    <None Include="..\src\UI_DragonManageUpgradeResult.lua">
      <Filter>lua\UI</Filter>
    </None>
    <None Include="..\src\UI_EditBoxPopup.lua">
      <Filter>lua\UI</Filter>
    </None>
    <None Include="..\src\UI_Game.lua">
      <Filter>lua\UI</Filter>
    </None>
    <None Include="..\src\UI_GameDebug.lua">
      <Filter>lua\UI</Filter>
    </None>
    <None Include="..\src\UI_GamePause.lua">
      <Filter>lua\UI</Filter>
    </None>
    <None Include="..\src\UI_GameResultNew.lua">
      <Filter>lua\UI</Filter>
    </None>
    <None Include="..\src\UI_GuidePopup.lua">
      <Filter>lua\UI</Filter>
    </None>
    <None Include="..\src\UI_IngameDragonInfo.lua">
      <Filter>lua\UI</Filter>
    </None>
    <None Include="..\src\UI_IngameUnitInfo.lua">
      <Filter>lua\UI</Filter>
    </None>
    <None Include="..\src\UI_ItemCard.lua">
      <Filter>lua\UI</Filter>
    </None>
    <None Include="..\src\UI_LobbyNew.lua">
      <Filter>lua\UI</Filter>
    </None>
    <None Include="..\src\UI_NestDungeonScene.lua">
      <Filter>lua\UI</Filter>
    </None>
    <None Include="..\src\UI_Network.lua">
      <Filter>lua\UI</Filter>
    </None>
    <None Include="..\src\UI_NetworkLoading.lua">
      <Filter>lua\UI</Filter>
    </None>
    <None Include="..\src\UI_Popup.lua">
      <Filter>lua\UI</Filter>
    </None>
    <None Include="..\src\UI_ProductButton.lua">
      <Filter>lua\UI</Filter>
    </None>
    <None Include="..\src\UI_ReadyScene.lua">
      <Filter>lua\UI</Filter>
    </None>
    <None Include="..\src\UI_ReadyScene_Deck.lua">
      <Filter>lua\UI</Filter>
    </None>
    <None Include="..\src\UI_SettingPopup.lua">
      <Filter>lua\UI</Filter>
    </None>
    <None Include="..\src\UI_SettingPopup_Dev.lua">
      <Filter>lua\UI</Filter>
    </None>
    <None Include="..\src\UI_ShopPopup.lua">
      <Filter>lua\UI</Filter>
    </None>
    <None Include="..\src\UI_SimplePopup.lua">
      <Filter>lua\UI</Filter>
    </None>
    <None Include="..\src\UI_SkillCard.lua">
      <Filter>lua\UI</Filter>
    </None>
    <None Include="..\src\UI_TitleScene.lua">
      <Filter>lua\UI</Filter>
    </None>
    <None Include="..\src\UI_TitleSceneLoading.lua">
      <Filter>lua\UI</Filter>
    </None>
    <None Include="..\src\UI_Tooltip.lua">
      <Filter>lua\UI</Filter>
    </None>
    <None Include="..\src\UI_Tooltip_Indicator.lua">
      <Filter>lua\UI</Filter>
    </None>
    <None Include="..\src\UI_Tooltip_Skill.lua">
      <Filter>lua\UI</Filter>
    </None>
    <None Include="..\src\UIC_Node.lua">
      <Filter>lua\UIC</Filter>
    </None>
    <None Include="..\src\UIC_Button.lua">
      <Filter>lua\UIC</Filter>
    </None>
    <None Include="..\src\TableClass.lua">
      <Filter>lua</Filter>
    </None>
    <None Include="..\src\UI_DragonManageFriendshipResult.lua">
      <Filter>lua\UI</Filter>
    </None>
    <None Include="..\src\UI_DragonManageEvolutionResult.lua">
      <Filter>lua\UI</Filter>
    </None>
    <None Include="..\src\UI_DragonSkillCard.lua">
      <Filter>lua\UI</Filter>
    </None>
    <None Include="..\src\StatusEffect_Heal.lua">
      <Filter>lua</Filter>
    </None>
    <None Include="..\src\TableStageDesc.lua">
      <Filter>lua</Filter>
    </None>
    <None Include="..\src\UI_MonsterCard.lua">
      <Filter>lua\UI</Filter>
    </None>
    <None Include="..\src\TableMonster.lua">
      <Filter>lua</Filter>
    </None>
    <None Include="..\src\GameFever.lua">
      <Filter>lua</Filter>
    </None>
    <None Include="..\src\UI_SkillDetailPopup.lua">
      <Filter>lua\UI</Filter>
    </None>
    <None Include="..\src\TableDragonSkill.lua">
      <Filter>lua</Filter>
    </None>
    <None Include="..\src\TableDragon.lua">
      <Filter>lua</Filter>
    </None>
    <None Include="..\src\UI_InvenDevApiPopup.lua">
      <Filter>lua\UI</Filter>
    </None>
    <None Include="..\src\DragonSortManager.lua">
      <Filter>lua</Filter>
    </None>
    <None Include="..\src\StatusEffect_Trigger_Release.lua">
      <Filter>lua</Filter>
    </None>
    <None Include="..\src\DragonAutoSetHelper.lua">
      <Filter>lua</Filter>
    </None>
    <None Include="..\src\UI_BlockPopup.lua">
      <Filter>lua\UI</Filter>
    </None>
    <None Include="..\src\UI_FruitFeedPress.lua">
      <Filter>lua\UI</Filter>
    </None>
    <None Include="..\src\TableFriendship.lua">
      <Filter>lua</Filter>
    </None>
    <None Include="..\src\TableFruit.lua">
      <Filter>lua</Filter>
    </None>
    <None Include="..\src\UI_CharacterCard.lua">
      <Filter>lua\UI</Filter>
    </None>
    <None Include="..\src\SkillHealSingle.lua">
      <Filter>lua</Filter>
    </None>
    <None Include="..\src\SkillThrowBuff.lua">
      <Filter>lua</Filter>
    </None>
    <None Include="..\src\SkillGuardian.lua">
      <Filter>lua</Filter>
    </None>
    <None Include="..\src\GameTimeScale.lua">
      <Filter>lua</Filter>
    </None>
    <None Include="..\src\UI_GameDebug_RealTime.lua">
      <Filter>lua\UI</Filter>
    </None>
    <None Include="..\src\CommonMissile_Bounce.lua">
      <Filter>lua</Filter>
    </None>
    <None Include="..\src\SkillIndicator_Laser.lua">
      <Filter>lua</Filter>
    </None>
    <None Include="..\src\EffectLink.lua">
      <Filter>lua</Filter>
    </None>
    <None Include="..\src\StatusEffect_Barrier.lua">
      <Filter>lua</Filter>
    </None>
    <None Include="..\src\ServerData_Staminas.lua">
      <Filter>lua</Filter>
    </None>
    <None Include="..\src\TimeLib.lua">
      <Filter>lua</Filter>
    </None>
    <None Include="..\src\ResPreloadMgr.lua">
      <Filter>lua</Filter>
    </None>
    <None Include="..\src\TableUserLevel.lua">
      <Filter>lua</Filter>
    </None>
    <None Include="..\src_tool\Scene_UIViewer.lua">
      <Filter>lua_tool</Filter>
    </None>
    <None Include="..\src_tool\SceneIngameTest.lua">
      <Filter>lua_tool</Filter>
    </None>
    <None Include="..\src_tool\SceneViewer.lua">
      <Filter>lua_tool</Filter>
    </None>
    <None Include="..\src_tool\SceneWaveMaker.lua">
      <Filter>lua_tool</Filter>
    </None>
    <None Include="..\src_tool\UI_WaveMaker.lua">
      <Filter>lua_tool</Filter>
    </None>
    <None Include="..\src_tool\entry_ui_viewer.lua">
      <Filter>lua_tool</Filter>
    </None>
    <None Include="..\src_tool\entry_viewer.lua">
      <Filter>lua_tool</Filter>
    </None>
    <None Include="..\src_tool\entry_wave_maker.lua">
      <Filter>lua_tool</Filter>
    </None>
    <None Include="..\src_tool\redefine.lua">
      <Filter>lua_tool</Filter>
    </None>
    <None Include="..\src\ResPreloadHelper.lua">
      <Filter>lua</Filter>
    </None>
    <None Include="..\src\TableDragonTrainInfo.lua">
      <Filter>lua</Filter>
    </None>
    <None Include="..\src\TableDragonTrainStatus.lua">
      <Filter>lua</Filter>
    </None>
    <None Include="..\src\GameWorld_Unit.lua">
      <Filter>lua</Filter>
    </None>
    <None Include="..\src\UI_DragonManageTrain.lua">
      <Filter>lua\UI</Filter>
    </None>
    <None Include="..\src\UI_DragonTrainSlot_ListItem.lua">
      <Filter>lua\UI</Filter>
    </None>
    <None Include="..\src\SkillSpiderWeb.lua">
      <Filter>lua</Filter>
    </None>
    <None Include="..\src\UI_DragonGoodbye.lua">
      <Filter>lua\UI</Filter>
    </None>
    <None Include="..\src\StatusEffect_Silence.lua">
      <Filter>lua</Filter>
    </None>
    <None Include="..\src\TriggerTime.lua">
      <Filter>lua</Filter>
    </None>
    <None Include="..\src\UIC_TableView.lua">
      <Filter>lua\UIC</Filter>
    </None>
    <None Include="..\src\UIC_TableViewCell.lua">
      <Filter>lua\UIC</Filter>
    </None>
    <None Include="..\src\UIC_TableViewTD.lua">
      <Filter>lua\UIC</Filter>
    </None>
    <None Include="..\src\ServerData_NestDungeon.lua">
      <Filter>lua</Filter>
    </None>
    <None Include="..\src\Dragon.lua">
      <Filter>lua</Filter>
    </None>
    <None Include="..\src\Monster.lua">
      <Filter>lua</Filter>
    </None>
    <None Include="..\src\MonsterLua_Boss.lua">
      <Filter>lua</Filter>
    </None>
    <None Include="..\src\EnemyMovement.lua">
      <Filter>lua</Filter>
    </None>
    <None Include="..\src\TableDrop.lua">
      <Filter>lua</Filter>
    </None>
    <None Include="..\src\ServerData_Stage.lua">
      <Filter>lua</Filter>
    </None>
    <None Include="..\src\SceneNestDungeon.lua">
      <Filter>lua</Filter>
    </None>
    <None Include="..\src\UI_GamePause_NestDungeon.lua">
      <Filter>lua\UI</Filter>
    </None>
    <None Include="..\src\UI_GameResult_NestDungeon.lua">
      <Filter>lua\UI</Filter>
    </None>
    <None Include="..\src\UIC_ClippingNode.lua">
      <Filter>lua\UIC</Filter>
    </None>
    <None Include="..\src\Action.lua">
      <Filter>lua</Filter>
    </None>
    <None Include="..\src\GameState_Colosseum.lua">
      <Filter>lua</Filter>
    </None>
    <None Include="..\src\IStateHelper.lua">
      <Filter>lua</Filter>
    </None>
    <None Include="..\src\shader\characterDamaged.fsh">
      <Filter>shader</Filter>
    </None>
    <None Include="..\src\shader\position_texture_color_noMvp_vertex.vsh">
      <Filter>shader</Filter>
    </None>
    <None Include="..\src\shader\shaderBlur.fsh">
      <Filter>shader</Filter>
    </None>
    <None Include="..\src\WaveMgr_Colosseum.lua">
      <Filter>lua</Filter>
    </None>
    <None Include="..\src\ShakeManager.lua">
      <Filter>lua</Filter>
    </None>
    <None Include="..\src\SkillBurst.lua">
      <Filter>lua</Filter>
    </None>
    <None Include="..\src\GameState_NestDungeon_Dragon.lua">
      <Filter>lua</Filter>
    </None>
    <None Include="..\src\GameState_NestDungeon_Tree.lua">
      <Filter>lua</Filter>
    </None>
    <None Include="..\src\UI_NestDungeonListItem.lua">
      <Filter>lua\UI</Filter>
    </None>
    <None Include="..\src\UI_NestDungeonStageListItem.lua">
      <Filter>lua\UI</Filter>
    </None>
    <None Include="..\src\shader\gray.fsh">
      <Filter>shader</Filter>
    </None>
    <None Include="..\src\UI_LobbyOld.lua">
      <Filter>lua\UI</Filter>
    </None>
    <None Include="..\src\UI_Lobby.lua">
      <Filter>lua\UI</Filter>
    </None>
    <None Include="..\src\SkillFieldCheck.lua">
      <Filter>lua</Filter>
    </None>
    <None Include="..\src\LobbyMap.lua">
      <Filter>lua</Filter>
    </None>
    <None Include="..\src\LobbyTamerBot.lua">
      <Filter>lua</Filter>
    </None>
    <None Include="..\src\LobbyTamer.lua">
      <Filter>lua</Filter>
    </None>
    <None Include="..\src\LobbyShadow.lua">
      <Filter>lua</Filter>
    </None>
    <None Include="..\src\ServerData_LobbyUserList.lua">
      <Filter>lua</Filter>
    </None>
    <None Include="..\src\LobbyUserStatusUI.lua">
      <Filter>lua</Filter>
    </None>
    <None Include="..\src\Monster_Tree.lua">
      <Filter>lua</Filter>
    </None>
    <None Include="..\src\LobbyItemBox.lua">
      <Filter>lua</Filter>
    </None>
    <None Include="..\src\LobbyDragon.lua">
      <Filter>lua</Filter>
    </None>
    <None Include="..\src\LobbyCharacter.lua">
      <Filter>lua</Filter>
    </None>
    <None Include="..\src\SimplePrimitivesDraw.lua">
      <Filter>lua</Filter>
    </None>
    <None Include="..\src\UI_SimpleDragonInfoPopup.lua">
      <Filter>lua\UI</Filter>
    </None>
    <None Include="..\src\UI_IngameBossInfo.lua">
      <Filter>lua\UI</Filter>
    </None>
    <None Include="..\src\LobbyMapSpotMgr.lua">
      <Filter>lua</Filter>
    </None>
    <None Include="..\src\Monster_WorldOrderMachine.lua">
      <Filter>lua</Filter>
    </None>
    <None Include="..\src\shader\sepia.fsh">
      <Filter>shader</Filter>
    </None>
    <None Include="..\src\SkillLeap.lua">
      <Filter>lua</Filter>
    </None>
    <None Include="..\src\GameState_NestDungeon_Nightmare.lua">
      <Filter>lua</Filter>
    </None>
    <None Include="..\src\GameState_NestDungeon.lua">
      <Filter>lua</Filter>
    </None>
    <None Include="..\src\SkillChainLightning.lua">
      <Filter>lua</Filter>
    </None>
    <None Include="..\src\SkillLaser_Lightning.lua">
      <Filter>lua</Filter>
    </None>
    <None Include="..\src\UI_LobbyUserInfoPopup.lua">
      <Filter>lua\UI</Filter>
    </None>
    <None Include="..\src\UI_UserDeckInfoPopup.lua">
      <Filter>lua\UI</Filter>
    </None>
    <None Include="..\src\GameAuto.lua">
      <Filter>lua</Filter>
    </None>
    <None Include="..\src\UI_LobbyObject.lua">
      <Filter>lua\UI</Filter>
    </None>
    <None Include="..\src\UI_AutoPlaySettingPopup.lua">
      <Filter>lua\UI</Filter>
    </None>
    <None Include="..\src\ServerData_AutoPlaySetting.lua">
      <Filter>lua</Filter>
    </None>
    <None Include="..\src\ITabUI.lua">
      <Filter>lua</Filter>
    </None>
    <None Include="..\src\UIC_RadioButton.lua">
      <Filter>lua\UIC</Filter>
    </None>
    <None Include="..\src\UIC_CheckBox.lua">
      <Filter>lua\UIC</Filter>
    </None>
    <None Include="..\src\EffectLauncher.lua">
      <Filter>lua</Filter>
    </None>
    <None Include="..\src\SkillVoltesX.lua">
      <Filter>lua</Filter>
    </None>
    <None Include="..\src\Constant.lua">
      <Filter>lua\constant</Filter>
    </None>
    <None Include="..\src\ConstantAttribute.lua">
      <Filter>lua\constant</Filter>
    </None>
    <None Include="..\src\ConstantDebug.lua">
      <Filter>lua\constant</Filter>
    </None>
    <None Include="..\src\ConstantDragonEvolution.lua">
      <Filter>lua\constant</Filter>
    </None>
    <None Include="..\src\ConstantDragonGrade.lua">
      <Filter>lua\constant</Filter>
    </None>
    <None Include="..\src\ConstantForArt.lua">
      <Filter>lua\constant</Filter>
    </None>
    <None Include="..\src\ConstantGameMode.lua">
      <Filter>lua\constant</Filter>
    </None>
    <None Include="..\src\ConstantIngame.lua">
      <Filter>lua\constant</Filter>
    </None>
    <None Include="..\src\ConstantString.lua">
      <Filter>lua\constant</Filter>
    </None>
  </ItemGroup>
  <ItemGroup>
    <Filter Include="Classes">
      <UniqueIdentifier>{b7ee809a-b7d5-48e6-8549-4a35fe5a7886}</UniqueIdentifier>
    </Filter>
    <Filter Include="lua">
      <UniqueIdentifier>{0f1073bb-57d9-4724-aa27-4351da7ae2db}</UniqueIdentifier>
    </Filter>
    <Filter Include="Classes\PerpExt">
      <UniqueIdentifier>{a7374f2f-2aa8-4fef-978e-c0f5696edce3}</UniqueIdentifier>
    </Filter>
    <Filter Include="win32">
      <UniqueIdentifier>{8782ba64-6fe9-49de-b2d6-af933d0259e7}</UniqueIdentifier>
    </Filter>
    <Filter Include="lua\lib">
      <UniqueIdentifier>{98b934cc-0eec-4f8f-af1f-69178e89c390}</UniqueIdentifier>
    </Filter>
    <Filter Include="lua\lib\pb">
      <UniqueIdentifier>{1a0687fb-da0c-432b-86bf-0f7d20f0403c}</UniqueIdentifier>
    </Filter>
    <Filter Include="lua\lib\pb\proto">
      <UniqueIdentifier>{7c4b5a93-8918-42f6-8260-4c3cc626f092}</UniqueIdentifier>
    </Filter>
    <Filter Include="lua\lib\pb\standard">
      <UniqueIdentifier>{481503b3-537f-47a5-92ea-222578d7713e}</UniqueIdentifier>
    </Filter>
    <Filter Include="lua\packet">
      <UniqueIdentifier>{5a720891-3538-426f-92d7-896570c74f34}</UniqueIdentifier>
    </Filter>
    <Filter Include="lua\perpleLib">
      <UniqueIdentifier>{82203420-8be5-4ad3-899e-9d9862a19d0b}</UniqueIdentifier>
    </Filter>
    <Filter Include="lua\uilib">
      <UniqueIdentifier>{7b7f0150-bb66-49d2-99b0-5b8865ad7b25}</UniqueIdentifier>
    </Filter>
    <Filter Include="lua\UI">
      <UniqueIdentifier>{322da439-5448-4bef-bf50-d4aef78f62ae}</UniqueIdentifier>
    </Filter>
    <Filter Include="lua\UIC">
      <UniqueIdentifier>{9fb02849-a183-4c31-ac99-1ad8c865423c}</UniqueIdentifier>
    </Filter>
    <Filter Include="lua_tool">
      <UniqueIdentifier>{1e095777-9941-4d5a-bba9-fbab8cd680b9}</UniqueIdentifier>
    </Filter>
    <Filter Include="shader">
      <UniqueIdentifier>{d7237c92-762d-43d6-9f44-e6871d5a460b}</UniqueIdentifier>
    </Filter>
    <Filter Include="lua\constant">
      <UniqueIdentifier>{5a74b4d1-1db2-4afc-9ef1-16484d8c55df}</UniqueIdentifier>
    </Filter>
  </ItemGroup>
</Project>